
Microsoft Visual Studio Solution File, Format Version 12.00
# Visual Studio Version 16
VisualStudioVersion = 16.0.28917.181
MinimumVisualStudioVersion = 10.0.40219.1
Project("{9A19103F-16F7-4668-BE54-9A1E7A4F7556}") = "Mic.Repository", "Mic.Repository\Mic.Repository.csproj", "{68365563-476F-4E6F-8D4C-37778869E7A6}"
EndProject
Project("{FAE04EC0-301F-11D3-BF4B-00C04F79EFBC}") = "Mic.Repository.MyTest", "Mic.Repository.MyTest\Mic.Repository.MyTest.csproj", "{D533EB8A-BC7B-4D2D-BE23-25CFFFD0921E}"
EndProject
Global
	GlobalSection(SolutionConfigurationPlatforms) = preSolution
		Debug|Any CPU = Debug|Any CPU
		Release|Any CPU = Release|Any CPU
	EndGlobalSection
	GlobalSection(ProjectConfigurationPlatforms) = postSolution
		{68365563-476F-4E6F-8D4C-37778869E7A6}.Debug|Any CPU.ActiveCfg = Debug|Any CPU
		{68365563-476F-4E6F-8D4C-37778869E7A6}.Debug|Any CPU.Build.0 = Debug|Any CPU
		{68365563-476F-4E6F-8D4C-37778869E7A6}.Release|Any CPU.ActiveCfg = Release|Any CPU
		{68365563-476F-4E6F-8D4C-37778869E7A6}.Release|Any CPU.Build.0 = Release|Any CPU
		{D533EB8A-BC7B-4D2D-BE23-25CFFFD0921E}.Debug|Any CPU.ActiveCfg = Debug|Any CPU
		{D533EB8A-BC7B-4D2D-BE23-25CFFFD0921E}.Debug|Any CPU.Build.0 = Debug|Any CPU
		{D533EB8A-BC7B-4D2D-BE23-25CFFFD0921E}.Release|Any CPU.ActiveCfg = Release|Any CPU
		{D533EB8A-BC7B-4D2D-BE23-25CFFFD0921E}.Release|Any CPU.Build.0 = Release|Any CPU
	EndGlobalSection
	GlobalSection(SolutionProperties) = preSolution
		HideSolutionNode = FALSE
	EndGlobalSection
	GlobalSection(ExtensibilityGlobals) = postSolution
		SolutionGuid = {D789AFFB-9EB3-4959-9961-273B6EDA7820}
	EndGlobalSection
EndGlobal
